<?xml version="1.0" encoding="utf-8"?>
<Project ToolsVersion="4.0" xmlns="http://schemas.microsoft.com/developer/msbuild/2003">
  <ItemGroup>
    <Filter Include="Platform">
      <UniqueIdentifier>{2AC788B4-1694-E3BF-3FAD-D1672BD9184E}</UniqueIdentifier>
    </Filter>
    <Filter Include="Platform\Windows">
      <UniqueIdentifier>{64FBD71A-50F4-F66C-7926-DCF1657ED678}</UniqueIdentifier>
    </Filter>
    <Filter Include="Spydr">
      <UniqueIdentifier>{776C1C0E-E380-44BF-AC02-E81E18D640F0}</UniqueIdentifier>
    </Filter>
    <Filter Include="Spydr\Events">
      <UniqueIdentifier>{7B8C7AFA-67EF-099F-1075-4255FCB6D521}</UniqueIdentifier>
    </Filter>
  </ItemGroup>
  <ItemGroup>
    <ClInclude Include="src\Platform\Windows\WindowsWindow.h">
      <Filter>Platform\Windows</Filter>
    </ClInclude>
    <ClInclude Include="src\Spydr.h" />
    <ClInclude Include="src\Spydr\Application.h">
      <Filter>Spydr</Filter>
    </ClInclude>
    <ClInclude Include="src\Spydr\Core.h">
      <Filter>Spydr</Filter>
    </ClInclude>
    <ClInclude Include="src\Spydr\EntryPoint.h">
      <Filter>Spydr</Filter>
    </ClInclude>
    <ClInclude Include="src\Spydr\Events\ApplicationEvent.h">
      <Filter>Spydr\Events</Filter>
    </ClInclude>
    <ClInclude Include="src\Spydr\Events\Event.h">
      <Filter>Spydr\Events</Filter>
    </ClInclude>
    <ClInclude Include="src\Spydr\Events\KeyEvent.h">
      <Filter>Spydr\Events</Filter>
    </ClInclude>
    <ClInclude Include="src\Spydr\Events\MouseEvent.h">
      <Filter>Spydr\Events</Filter>
    </ClInclude>
    <ClInclude Include="src\Spydr\Layer.h">
      <Filter>Spydr</Filter>
    </ClInclude>
    <ClInclude Include="src\Spydr\LayerStack.h">
      <Filter>Spydr</Filter>
    </ClInclude>
    <ClInclude Include="src\Spydr\Log.h">
      <Filter>Spydr</Filter>
    </ClInclude>
    <ClInclude Include="src\Spydr\Window.h">
      <Filter>Spydr</Filter>
    </ClInclude>
    <ClInclude Include="src\sppch.h" />
  </ItemGroup>
  <ItemGroup>
    <ClCompile Include="src\Platform\Windows\WindowsWindow.cpp">
      <Filter>Platform\Windows</Filter>
    </ClCompile>
    <ClCompile Include="src\Spydr\Application.cpp">
      <Filter>Spydr</Filter>
    </ClCompile>
    <ClCompile Include="src\Spydr\Layer.cpp">
      <Filter>Spydr</Filter>
    </ClCompile>
    <ClCompile Include="src\Spydr\LayerStack.cpp">
      <Filter>Spydr</Filter>
    </ClCompile>
    <ClCompile Include="src\Spydr\Log.cpp">
      <Filter>Spydr</Filter>
    </ClCompile>
    <ClCompile Include="src\sppch.cpp" />
  </ItemGroup>
</Project>